
Microsoft Visual Studio Solution File, Format Version 12.00
# Visual Studio Version 17
VisualStudioVersion = 17.4.33213.308
MinimumVisualStudioVersion = 10.0.40219.1
Project("{9A19103F-16F7-4668-BE54-9A1E7A4F7556}") = "BLOGN.API", "BLOGN.API\BLOGN.API.csproj", "{61ED531F-15F4-43AB-B918-C5EA8AD225DC}"
EndProject
Project("{9A19103F-16F7-4668-BE54-9A1E7A4F7556}") = "BLOGN.Models", "BLOGN.Models\BLOGN.Models.csproj", "{1BC13667-F848-4090-A165-5FA7281FD784}"
EndProject
Project("{9A19103F-16F7-4668-BE54-9A1E7A4F7556}") = "BLOGN.Data", "BLOGN.Data\BLOGN.Data.csproj", "{4B7D8750-7BE7-4F79-A250-8B6CF16604C2}"
EndProject
Project("{FAE04EC0-301F-11D3-BF4B-00C04F79EFBC}") = "BLOGN.SharedTools", "BLOGN.SharedTools\BLOGN.SharedTools.csproj", "{6A226A8E-E2F2-4737-89DF-01BF17B1A941}"
EndProject
Global
	GlobalSection(SolutionConfigurationPlatforms) = preSolution
		Debug|Any CPU = Debug|Any CPU
		Release|Any CPU = Release|Any CPU
	EndGlobalSection
	GlobalSection(ProjectConfigurationPlatforms) = postSolution
		{61ED531F-15F4-43AB-B918-C5EA8AD225DC}.Debug|Any CPU.ActiveCfg = Debug|Any CPU
		{61ED531F-15F4-43AB-B918-C5EA8AD225DC}.Debug|Any CPU.Build.0 = Debug|Any CPU
		{61ED531F-15F4-43AB-B918-C5EA8AD225DC}.Release|Any CPU.ActiveCfg = Release|Any CPU
		{61ED531F-15F4-43AB-B918-C5EA8AD225DC}.Release|Any CPU.Build.0 = Release|Any CPU
		{1BC13667-F848-4090-A165-5FA7281FD784}.Debug|Any CPU.ActiveCfg = Debug|Any CPU
		{1BC13667-F848-4090-A165-5FA7281FD784}.Debug|Any CPU.Build.0 = Debug|Any CPU
		{1BC13667-F848-4090-A165-5FA7281FD784}.Release|Any CPU.ActiveCfg = Release|Any CPU
		{1BC13667-F848-4090-A165-5FA7281FD784}.Release|Any CPU.Build.0 = Release|Any CPU
		{4B7D8750-7BE7-4F79-A250-8B6CF16604C2}.Debug|Any CPU.ActiveCfg = Debug|Any CPU
		{4B7D8750-7BE7-4F79-A250-8B6CF16604C2}.Debug|Any CPU.Build.0 = Debug|Any CPU
		{4B7D8750-7BE7-4F79-A250-8B6CF16604C2}.Release|Any CPU.ActiveCfg = Release|Any CPU
		{4B7D8750-7BE7-4F79-A250-8B6CF16604C2}.Release|Any CPU.Build.0 = Release|Any CPU
		{6A226A8E-E2F2-4737-89DF-01BF17B1A941}.Debug|Any CPU.ActiveCfg = Debug|Any CPU
		{6A226A8E-E2F2-4737-89DF-01BF17B1A941}.Debug|Any CPU.Build.0 = Debug|Any CPU
		{6A226A8E-E2F2-4737-89DF-01BF17B1A941}.Release|Any CPU.ActiveCfg = Release|Any CPU
		{6A226A8E-E2F2-4737-89DF-01BF17B1A941}.Release|Any CPU.Build.0 = Release|Any CPU
	EndGlobalSection
	GlobalSection(SolutionProperties) = preSolution
		HideSolutionNode = FALSE
	EndGlobalSection
	GlobalSection(ExtensibilityGlobals) = postSolution
		SolutionGuid = {B54175B3-BEE7-40D3-A4BB-84C602977423}
	EndGlobalSection
EndGlobal
